// !$*UTF8*$!
{
	archiveVersion = 1;
	classes = {
	};
	objectVersion = 50;
	objects = {

/* Begin PBXBuildFile section */
		A70B6234237AF87000A2BA73 /* AppDelegate.swift in Sources */ = {isa = PBXBuildFile; fileRef = A70B6233237AF87000A2BA73 /* AppDelegate.swift */; };
		A70B6236237AF87000A2BA73 /* ContentView.swift in Sources */ = {isa = PBXBuildFile; fileRef = A70B6235237AF87000A2BA73 /* ContentView.swift */; };
		A70B6238237AF87700A2BA73 /* Assets.xcassets in Resources */ = {isa = PBXBuildFile; fileRef = A70B6237237AF87700A2BA73 /* Assets.xcassets */; };
		A70B623B237AF87700A2BA73 /* Preview Assets.xcassets in Resources */ = {isa = PBXBuildFile; fileRef = A70B623A237AF87700A2BA73 /* Preview Assets.xcassets */; };
		A70B623E237AF87700A2BA73 /* Main.storyboard in Resources */ = {isa = PBXBuildFile; fileRef = A70B623C237AF87700A2BA73 /* Main.storyboard */; };
		A70B624C237B003900A2BA73 /* StatusBarController.swift in Sources */ = {isa = PBXBuildFile; fileRef = A70B624B237B003900A2BA73 /* StatusBarController.swift */; };
		A70B6250237B022700A2BA73 /* MainViewController.swift in Sources */ = {isa = PBXBuildFile; fileRef = A70B624F237B022700A2BA73 /* MainViewController.swift */; };
		A70B6252237B078200A2BA73 /* EventMonitor.swift in Sources */ = {isa = PBXBuildFile; fileRef = A70B6251237B078200A2BA73 /* EventMonitor.swift */; };
		E2090CF32486A1FE00D8DC67 /* CodeSignUpdate.sh in Resources */ = {isa = PBXBuildFile; fileRef = E2090CF22486A1FE00D8DC67 /* CodeSignUpdate.sh */; };
		E2090CF72486A43800D8DC67 /* launchd.plist in Resources */ = {isa = PBXBuildFile; fileRef = E2090CF62486A43800D8DC67 /* launchd.plist */; };
		E246324D2495479A00F3C8DB /* NSTokenFieldControl.swift in Sources */ = {isa = PBXBuildFile; fileRef = E246324C2495479A00F3C8DB /* NSTokenFieldControl.swift */; };
		E29F1A332488103F003E213D /* HostEntryView.swift in Sources */ = {isa = PBXBuildFile; fileRef = E29F1A322488103F003E213D /* HostEntryView.swift */; };
		E2B9825E248574B700369699 /* main.swift in Sources */ = {isa = PBXBuildFile; fileRef = E2B9825D248574B700369699 /* main.swift */; };
		E2B982632485878C00369699 /* HelperProtocol.swift in Sources */ = {isa = PBXBuildFile; fileRef = E2B982622485878C00369699 /* HelperProtocol.swift */; };
		E2B982642485878C00369699 /* HelperProtocol.swift in Sources */ = {isa = PBXBuildFile; fileRef = E2B982622485878C00369699 /* HelperProtocol.swift */; };
		E2B9826724858D9000369699 /* CodeSignCheck.swift in Sources */ = {isa = PBXBuildFile; fileRef = E2B9826624858D9000369699 /* CodeSignCheck.swift */; };
		E2B9826824858D9000369699 /* CodeSignCheck.swift in Sources */ = {isa = PBXBuildFile; fileRef = E2B9826624858D9000369699 /* CodeSignCheck.swift */; };
		E2B9826B24858DD600369699 /* HostEntry.swift in Sources */ = {isa = PBXBuildFile; fileRef = E2B9826A24858DD600369699 /* HostEntry.swift */; };
		E2B9826C24858DD600369699 /* HostEntry.swift in Sources */ = {isa = PBXBuildFile; fileRef = E2B9826A24858DD600369699 /* HostEntry.swift */; };
		E2B9826E24858DEA00369699 /* HostGroup.swift in Sources */ = {isa = PBXBuildFile; fileRef = E2B9826D24858DEA00369699 /* HostGroup.swift */; };
		E2B9826F24858DEA00369699 /* HostGroup.swift in Sources */ = {isa = PBXBuildFile; fileRef = E2B9826D24858DEA00369699 /* HostGroup.swift */; };
/* End PBXBuildFile section */

/* Begin PBXCopyFilesBuildPhase section */
		E2B98259248574B700369699 /* CopyFiles */ = {
			isa = PBXCopyFilesBuildPhase;
			buildActionMask = 2147483647;
			dstPath = /usr/share/man/man1/;
			dstSubfolderSpec = 0;
			files = (
			);
			runOnlyForDeploymentPostprocessing = 1;
		};
/* End PBXCopyFilesBuildPhase section */

/* Begin PBXFileReference section */
		A70B6230237AF87000A2BA73 /* Hosty.app */ = {isa = PBXFileReference; explicitFileType = wrapper.application; includeInIndex = 0; path = Hosty.app; sourceTree = BUILT_PRODUCTS_DIR; };
		A70B6233237AF87000A2BA73 /* AppDelegate.swift */ = {isa = PBXFileReference; lastKnownFileType = sourcecode.swift; path = AppDelegate.swift; sourceTree = "<group>"; };
		A70B6235237AF87000A2BA73 /* ContentView.swift */ = {isa = PBXFileReference; lastKnownFileType = sourcecode.swift; path = ContentView.swift; sourceTree = "<group>"; };
		A70B6237237AF87700A2BA73 /* Assets.xcassets */ = {isa = PBXFileReference; lastKnownFileType = folder.assetcatalog; path = Assets.xcassets; sourceTree = "<group>"; };
		A70B623A237AF87700A2BA73 /* Preview Assets.xcassets */ = {isa = PBXFileReference; lastKnownFileType = folder.assetcatalog; path = "Preview Assets.xcassets"; sourceTree = "<group>"; };
		A70B623D237AF87700A2BA73 /* Base */ = {isa = PBXFileReference; lastKnownFileType = file.storyboard; name = Base; path = Base.lproj/Main.storyboard; sourceTree = "<group>"; };
		A70B623F237AF87700A2BA73 /* Info.plist */ = {isa = PBXFileReference; lastKnownFileType = text.plist.xml; path = Info.plist; sourceTree = "<group>"; };
		A70B6240237AF87700A2BA73 /* Hosty.entitlements */ = {isa = PBXFileReference; lastKnownFileType = text.plist.entitlements; path = Hosty.entitlements; sourceTree = "<group>"; };
		A70B624B237B003900A2BA73 /* StatusBarController.swift */ = {isa = PBXFileReference; lastKnownFileType = sourcecode.swift; path = StatusBarController.swift; sourceTree = "<group>"; };
		A70B624F237B022700A2BA73 /* MainViewController.swift */ = {isa = PBXFileReference; lastKnownFileType = sourcecode.swift; path = MainViewController.swift; sourceTree = "<group>"; };
		A70B6251237B078200A2BA73 /* EventMonitor.swift */ = {isa = PBXFileReference; lastKnownFileType = sourcecode.swift; path = EventMonitor.swift; sourceTree = "<group>"; };
		E2090CF22486A1FE00D8DC67 /* CodeSignUpdate.sh */ = {isa = PBXFileReference; lastKnownFileType = text.script.sh; path = CodeSignUpdate.sh; sourceTree = "<group>"; };
		E2090CF52486A2DC00D8DC67 /* info.plist */ = {isa = PBXFileReference; lastKnownFileType = text.plist.xml; path = info.plist; sourceTree = "<group>"; };
		E2090CF62486A43800D8DC67 /* launchd.plist */ = {isa = PBXFileReference; lastKnownFileType = text.plist.xml; path = launchd.plist; sourceTree = "<group>"; };
		E246324C2495479A00F3C8DB /* NSTokenFieldControl.swift */ = {isa = PBXFileReference; lastKnownFileType = sourcecode.swift; path = NSTokenFieldControl.swift; sourceTree = "<group>"; };
		E29F1A322488103F003E213D /* HostEntryView.swift */ = {isa = PBXFileReference; lastKnownFileType = sourcecode.swift; path = HostEntryView.swift; sourceTree = "<group>"; };
		E2B9825B248574B700369699 /* hostyhelper */ = {isa = PBXFileReference; explicitFileType = "compiled.mach-o.executable"; includeInIndex = 0; path = hostyhelper; sourceTree = BUILT_PRODUCTS_DIR; };
		E2B9825D248574B700369699 /* main.swift */ = {isa = PBXFileReference; lastKnownFileType = sourcecode.swift; path = main.swift; sourceTree = "<group>"; };
		E2B982622485878C00369699 /* HelperProtocol.swift */ = {isa = PBXFileReference; lastKnownFileType = sourcecode.swift; path = HelperProtocol.swift; sourceTree = "<group>"; };
		E2B9826624858D9000369699 /* CodeSignCheck.swift */ = {isa = PBXFileReference; lastKnownFileType = sourcecode.swift; path = CodeSignCheck.swift; sourceTree = "<group>"; };
		E2B9826A24858DD600369699 /* HostEntry.swift */ = {isa = PBXFileReference; lastKnownFileType = sourcecode.swift; path = HostEntry.swift; sourceTree = "<group>"; };
		E2B9826D24858DEA00369699 /* HostGroup.swift */ = {isa = PBXFileReference; lastKnownFileType = sourcecode.swift; path = HostGroup.swift; sourceTree = "<group>"; };
/* End PBXFileReference section */

/* Begin PBXFrameworksBuildPhase section */
		A70B622D237AF87000A2BA73 /* Frameworks */ = {
			isa = PBXFrameworksBuildPhase;
			buildActionMask = 2147483647;
			files = (
			);
			runOnlyForDeploymentPostprocessing = 0;
		};
		E2B98258248574B700369699 /* Frameworks */ = {
			isa = PBXFrameworksBuildPhase;
			buildActionMask = 2147483647;
			files = (
			);
			runOnlyForDeploymentPostprocessing = 0;
		};
/* End PBXFrameworksBuildPhase section */

/* Begin PBXGroup section */
		A70B6227237AF87000A2BA73 = {
			isa = PBXGroup;
			children = (
				E2B9826524858D5A00369699 /* Common */,
				A70B6232237AF87000A2BA73 /* Hosty */,
				E2B9825C248574B700369699 /* hostyhelper */,
				A70B6231237AF87000A2BA73 /* Products */,
			);
			sourceTree = "<group>";
		};
		A70B6231237AF87000A2BA73 /* Products */ = {
			isa = PBXGroup;
			children = (
				A70B6230237AF87000A2BA73 /* Hosty.app */,
				E2B9825B248574B700369699 /* hostyhelper */,
			);
			name = Products;
			sourceTree = "<group>";
		};
		A70B6232237AF87000A2BA73 /* Hosty */ = {
			isa = PBXGroup;
			children = (
				A70B6233237AF87000A2BA73 /* AppDelegate.swift */,
				A70B6249237B000700A2BA73 /* Helpers */,
				A70B6253237B081200A2BA73 /* Views */,
				A70B6237237AF87700A2BA73 /* Assets.xcassets */,
				A70B623C237AF87700A2BA73 /* Main.storyboard */,
				A70B624F237B022700A2BA73 /* MainViewController.swift */,
				A70B623F237AF87700A2BA73 /* Info.plist */,
				A70B6240237AF87700A2BA73 /* Hosty.entitlements */,
				A70B6239237AF87700A2BA73 /* Preview Content */,
			);
			path = Hosty;
			sourceTree = "<group>";
		};
		A70B6239237AF87700A2BA73 /* Preview Content */ = {
			isa = PBXGroup;
			children = (
				A70B623A237AF87700A2BA73 /* Preview Assets.xcassets */,
			);
			path = "Preview Content";
			sourceTree = "<group>";
		};
		A70B6249237B000700A2BA73 /* Helpers */ = {
			isa = PBXGroup;
			children = (
				A70B624B237B003900A2BA73 /* StatusBarController.swift */,
				A70B6251237B078200A2BA73 /* EventMonitor.swift */,
			);
			path = Helpers;
			sourceTree = "<group>";
		};
		A70B6253237B081200A2BA73 /* Views */ = {
			isa = PBXGroup;
			children = (
				A70B6235237AF87000A2BA73 /* ContentView.swift */,
				E29F1A322488103F003E213D /* HostEntryView.swift */,
				E246324C2495479A00F3C8DB /* NSTokenFieldControl.swift */,
			);
			path = Views;
			sourceTree = "<group>";
		};
		E2B9825C248574B700369699 /* hostyhelper */ = {
			isa = PBXGroup;
			children = (
				E2B9825D248574B700369699 /* main.swift */,
				E2B982622485878C00369699 /* HelperProtocol.swift */,
				E2090CF52486A2DC00D8DC67 /* info.plist */,
				E2090CF62486A43800D8DC67 /* launchd.plist */,
			);
			path = hostyhelper;
			sourceTree = "<group>";
		};
		E2B9826524858D5A00369699 /* Common */ = {
			isa = PBXGroup;
			children = (
				E2B9826924858DBA00369699 /* Model */,
				E2B9826624858D9000369699 /* CodeSignCheck.swift */,
				E2090CF22486A1FE00D8DC67 /* CodeSignUpdate.sh */,
			);
			path = Common;
			sourceTree = "<group>";
		};
		E2B9826924858DBA00369699 /* Model */ = {
			isa = PBXGroup;
			children = (
				E2B9826A24858DD600369699 /* HostEntry.swift */,
				E2B9826D24858DEA00369699 /* HostGroup.swift */,
			);
			path = Model;
			sourceTree = "<group>";
		};
/* End PBXGroup section */

/* Begin PBXNativeTarget section */
		A70B622F237AF87000A2BA73 /* Hosty */ = {
			isa = PBXNativeTarget;
			buildConfigurationList = A70B6243237AF87700A2BA73 /* Build configuration list for PBXNativeTarget "Hosty" */;
			buildPhases = (
				A70B622C237AF87000A2BA73 /* Sources */,
				A70B622D237AF87000A2BA73 /* Frameworks */,
				A70B622E237AF87000A2BA73 /* Resources */,
			);
			buildRules = (
			);
			dependencies = (
			);
			name = Hosty;
			productName = Ambar;
			productReference = A70B6230237AF87000A2BA73 /* Hosty.app */;
			productType = "com.apple.product-type.application";
		};
		E2B9825A248574B700369699 /* hostyhelper */ = {
			isa = PBXNativeTarget;
			buildConfigurationList = E2B9825F248574B700369699 /* Build configuration list for PBXNativeTarget "hostyhelper" */;
			buildPhases = (
				E2B98257248574B700369699 /* Sources */,
				E2B98258248574B700369699 /* Frameworks */,
				E2B98259248574B700369699 /* CopyFiles */,
			);
			buildRules = (
			);
			dependencies = (
			);
			name = hostyhelper;
			productName = hostyhelper;
			productReference = E2B9825B248574B700369699 /* hostyhelper */;
			productType = "com.apple.product-type.tool";
		};
/* End PBXNativeTarget section */

/* Begin PBXProject section */
		A70B6228237AF87000A2BA73 /* Project object */ = {
			isa = PBXProject;
			attributes = {
				LastSwiftUpdateCheck = 1150;
				LastUpgradeCheck = 1150;
				ORGANIZATIONNAME = Shaabs;
				TargetAttributes = {
					A70B622F237AF87000A2BA73 = {
						CreatedOnToolsVersion = 11.1;
					};
					E2B9825A248574B700369699 = {
						CreatedOnToolsVersion = 11.5;
					};
				};
			};
			buildConfigurationList = A70B622B237AF87000A2BA73 /* Build configuration list for PBXProject "Hosty" */;
			compatibilityVersion = "Xcode 9.3";
			developmentRegion = en;
			hasScannedForEncodings = 0;
			knownRegions = (
				en,
				Base,
			);
			mainGroup = A70B6227237AF87000A2BA73;
			productRefGroup = A70B6231237AF87000A2BA73 /* Products */;
			projectDirPath = "";
			projectRoot = "";
			targets = (
				A70B622F237AF87000A2BA73 /* Hosty */,
				E2B9825A248574B700369699 /* hostyhelper */,
			);
		};
/* End PBXProject section */

/* Begin PBXResourcesBuildPhase section */
		A70B622E237AF87000A2BA73 /* Resources */ = {
			isa = PBXResourcesBuildPhase;
			buildActionMask = 2147483647;
			files = (
				A70B623E237AF87700A2BA73 /* Main.storyboard in Resources */,
				E2090CF32486A1FE00D8DC67 /* CodeSignUpdate.sh in Resources */,
				A70B623B237AF87700A2BA73 /* Preview Assets.xcassets in Resources */,
				E2090CF72486A43800D8DC67 /* launchd.plist in Resources */,
				A70B6238237AF87700A2BA73 /* Assets.xcassets in Resources */,
			);
			runOnlyForDeploymentPostprocessing = 0;
		};
/* End PBXResourcesBuildPhase section */

/* Begin PBXSourcesBuildPhase section */
		A70B622C237AF87000A2BA73 /* Sources */ = {
			isa = PBXSourcesBuildPhase;
			buildActionMask = 2147483647;
			files = (
				A70B6236237AF87000A2BA73 /* ContentView.swift in Sources */,
				E2B982632485878C00369699 /* HelperProtocol.swift in Sources */,
				E2B9826B24858DD600369699 /* HostEntry.swift in Sources */,
				A70B6252237B078200A2BA73 /* EventMonitor.swift in Sources */,
				A70B624C237B003900A2BA73 /* StatusBarController.swift in Sources */,
				E246324D2495479A00F3C8DB /* NSTokenFieldControl.swift in Sources */,
				E2B9826E24858DEA00369699 /* HostGroup.swift in Sources */,
				E2B9826724858D9000369699 /* CodeSignCheck.swift in Sources */,
				A70B6234237AF87000A2BA73 /* AppDelegate.swift in Sources */,
				E29F1A332488103F003E213D /* HostEntryView.swift in Sources */,
				A70B6250237B022700A2BA73 /* MainViewController.swift in Sources */,
			);
			runOnlyForDeploymentPostprocessing = 0;
		};
		E2B98257248574B700369699 /* Sources */ = {
			isa = PBXSourcesBuildPhase;
			buildActionMask = 2147483647;
			files = (
				E2B9825E248574B700369699 /* main.swift in Sources */,
				E2B982642485878C00369699 /* HelperProtocol.swift in Sources */,
				E2B9826F24858DEA00369699 /* HostGroup.swift in Sources */,
				E2B9826C24858DD600369699 /* HostEntry.swift in Sources */,
				E2B9826824858D9000369699 /* CodeSignCheck.swift in Sources */,
			);
			runOnlyForDeploymentPostprocessing = 0;
		};
/* End PBXSourcesBuildPhase section */

/* Begin PBXVariantGroup section */
		A70B623C237AF87700A2BA73 /* Main.storyboard */ = {
			isa = PBXVariantGroup;
			children = (
				A70B623D237AF87700A2BA73 /* Base */,
			);
			name = Main.storyboard;
			sourceTree = "<group>";
		};
/* End PBXVariantGroup section */

/* Begin XCBuildConfiguration section */
		A70B6241237AF87700A2BA73 /* Debug */ = {
			isa = XCBuildConfiguration;
			buildSettings = {
				ALWAYS_SEARCH_USER_PATHS = NO;
				CLANG_ANALYZER_NONNULL = YES;
				CLANG_ANALYZER_NUMBER_OBJECT_CONVERSION = YES_AGGRESSIVE;
				CLANG_CXX_LANGUAGE_STANDARD = "gnu++14";
				CLANG_CXX_LIBRARY = "libc++";
				CLANG_ENABLE_MODULES = YES;
				CLANG_ENABLE_OBJC_ARC = YES;
				CLANG_ENABLE_OBJC_WEAK = YES;
				CLANG_WARN_BLOCK_CAPTURE_AUTORELEASING = YES;
				CLANG_WARN_BOOL_CONVERSION = YES;
				CLANG_WARN_COMMA = YES;
				CLANG_WARN_CONSTANT_CONVERSION = YES;
				CLANG_WARN_DEPRECATED_OBJC_IMPLEMENTATIONS = YES;
				CLANG_WARN_DIRECT_OBJC_ISA_USAGE = YES_ERROR;
				CLANG_WARN_DOCUMENTATION_COMMENTS = YES;
				CLANG_WARN_EMPTY_BODY = YES;
				CLANG_WARN_ENUM_CONVERSION = YES;
				CLANG_WARN_INFINITE_RECURSION = YES;
				CLANG_WARN_INT_CONVERSION = YES;
				CLANG_WARN_NON_LITERAL_NULL_CONVERSION = YES;
				CLANG_WARN_OBJC_IMPLICIT_RETAIN_SELF = YES;
				CLANG_WARN_OBJC_LITERAL_CONVERSION = YES;
				CLANG_WARN_OBJC_ROOT_CLASS = YES_ERROR;
				CLANG_WARN_RANGE_LOOP_ANALYSIS = YES;
				CLANG_WARN_STRICT_PROTOTYPES = YES;
				CLANG_WARN_SUSPICIOUS_MOVE = YES;
				CLANG_WARN_UNGUARDED_AVAILABILITY = YES_AGGRESSIVE;
				CLANG_WARN_UNREACHABLE_CODE = YES;
				CLANG_WARN__DUPLICATE_METHOD_MATCH = YES;
				COPY_PHASE_STRIP = NO;
				DEBUG_INFORMATION_FORMAT = dwarf;
				ENABLE_STRICT_OBJC_MSGSEND = YES;
				ENABLE_TESTABILITY = YES;
				GCC_C_LANGUAGE_STANDARD = gnu11;
				GCC_DYNAMIC_NO_PIC = NO;
				GCC_NO_COMMON_BLOCKS = YES;
				GCC_OPTIMIZATION_LEVEL = 0;
				GCC_PREPROCESSOR_DEFINITIONS = (
					"DEBUG=1",
					"$(inherited)",
				);
				GCC_WARN_64_TO_32_BIT_CONVERSION = YES;
				GCC_WARN_ABOUT_RETURN_TYPE = YES_ERROR;
				GCC_WARN_UNDECLARED_SELECTOR = YES;
				GCC_WARN_UNINITIALIZED_AUTOS = YES_AGGRESSIVE;
				GCC_WARN_UNUSED_FUNCTION = YES;
				GCC_WARN_UNUSED_VARIABLE = YES;
				MACOSX_DEPLOYMENT_TARGET = 10.15;
				MTL_ENABLE_DEBUG_INFO = INCLUDE_SOURCE;
				MTL_FAST_MATH = YES;
				ONLY_ACTIVE_ARCH = YES;
				SDKROOT = macosx;
				SWIFT_ACTIVE_COMPILATION_CONDITIONS = DEBUG;
				SWIFT_OPTIMIZATION_LEVEL = "-Onone";
			};
			name = Debug;
		};
		A70B6242237AF87700A2BA73 /* Release */ = {
			isa = XCBuildConfiguration;
			buildSettings = {
				ALWAYS_SEARCH_USER_PATHS = NO;
				CLANG_ANALYZER_NONNULL = YES;
				CLANG_ANALYZER_NUMBER_OBJECT_CONVERSION = YES_AGGRESSIVE;
				CLANG_CXX_LANGUAGE_STANDARD = "gnu++14";
				CLANG_CXX_LIBRARY = "libc++";
				CLANG_ENABLE_MODULES = YES;
				CLANG_ENABLE_OBJC_ARC = YES;
				CLANG_ENABLE_OBJC_WEAK = YES;
				CLANG_WARN_BLOCK_CAPTURE_AUTORELEASING = YES;
				CLANG_WARN_BOOL_CONVERSION = YES;
				CLANG_WARN_COMMA = YES;
				CLANG_WARN_CONSTANT_CONVERSION = YES;
				CLANG_WARN_DEPRECATED_OBJC_IMPLEMENTATIONS = YES;
				CLANG_WARN_DIRECT_OBJC_ISA_USAGE = YES_ERROR;
				CLANG_WARN_DOCUMENTATION_COMMENTS = YES;
				CLANG_WARN_EMPTY_BODY = YES;
				CLANG_WARN_ENUM_CONVERSION = YES;
				CLANG_WARN_INFINITE_RECURSION = YES;
				CLANG_WARN_INT_CONVERSION = YES;
				CLANG_WARN_NON_LITERAL_NULL_CONVERSION = YES;
				CLANG_WARN_OBJC_IMPLICIT_RETAIN_SELF = YES;
				CLANG_WARN_OBJC_LITERAL_CONVERSION = YES;
				CLANG_WARN_OBJC_ROOT_CLASS = YES_ERROR;
				CLANG_WARN_RANGE_LOOP_ANALYSIS = YES;
				CLANG_WARN_STRICT_PROTOTYPES = YES;
				CLANG_WARN_SUSPICIOUS_MOVE = YES;
				CLANG_WARN_UNGUARDED_AVAILABILITY = YES_AGGRESSIVE;
				CLANG_WARN_UNREACHABLE_CODE = YES;
				CLANG_WARN__DUPLICATE_METHOD_MATCH = YES;
				COPY_PHASE_STRIP = NO;
				DEBUG_INFORMATION_FORMAT = "dwarf-with-dsym";
				ENABLE_NS_ASSERTIONS = NO;
				ENABLE_STRICT_OBJC_MSGSEND = YES;
				GCC_C_LANGUAGE_STANDARD = gnu11;
				GCC_NO_COMMON_BLOCKS = YES;
				GCC_WARN_64_TO_32_BIT_CONVERSION = YES;
				GCC_WARN_ABOUT_RETURN_TYPE = YES_ERROR;
				GCC_WARN_UNDECLARED_SELECTOR = YES;
				GCC_WARN_UNINITIALIZED_AUTOS = YES_AGGRESSIVE;
				GCC_WARN_UNUSED_FUNCTION = YES;
				GCC_WARN_UNUSED_VARIABLE = YES;
				MACOSX_DEPLOYMENT_TARGET = 10.15;
				MTL_ENABLE_DEBUG_INFO = NO;
				MTL_FAST_MATH = YES;
				SDKROOT = macosx;
				SWIFT_COMPILATION_MODE = wholemodule;
				SWIFT_OPTIMIZATION_LEVEL = "-O";
			};
			name = Release;
		};
		A70B6244237AF87700A2BA73 /* Debug */ = {
			isa = XCBuildConfiguration;
			buildSettings = {
				ASSETCATALOG_COMPILER_APPICON_NAME = AppIcon;
				CODE_SIGN_ENTITLEMENTS = Hosty/Hosty.entitlements;
				CODE_SIGN_IDENTITY = "-";
				CODE_SIGN_STYLE = Automatic;
				COMBINE_HIDPI_IMAGES = YES;
				DEVELOPMENT_ASSET_PATHS = "Hosty/Preview\\ Content";
				DEVELOPMENT_TEAM = 3RR5U8KW7C;
				ENABLE_HARDENED_RUNTIME = NO;
				ENABLE_PREVIEWS = YES;
				INFOPLIST_FILE = "$(SRCROOT)/Hosty/Info.plist";
				LD_RUNPATH_SEARCH_PATHS = (
					"$(inherited)",
					"@executable_path/../Frameworks",
				);
				MACOSX_DEPLOYMENT_TARGET = 10.15;
				PRODUCT_BUNDLE_IDENTIFIER = com.shaabs.hosty.app;
				PRODUCT_NAME = "$(TARGET_NAME)";
				SWIFT_VERSION = 5.0;
			};
			name = Debug;
		};
		A70B6245237AF87700A2BA73 /* Release */ = {
			isa = XCBuildConfiguration;
			buildSettings = {
				ASSETCATALOG_COMPILER_APPICON_NAME = AppIcon;
				CODE_SIGN_ENTITLEMENTS = Hosty/Hosty.entitlements;
				CODE_SIGN_IDENTITY = "-";
				CODE_SIGN_STYLE = Automatic;
				COMBINE_HIDPI_IMAGES = YES;
				DEVELOPMENT_ASSET_PATHS = "Hosty/Preview\\ Content";
				DEVELOPMENT_TEAM = 3RR5U8KW7C;
				ENABLE_HARDENED_RUNTIME = NO;
				ENABLE_PREVIEWS = YES;
				INFOPLIST_FILE = "$(SRCROOT)/Hosty/Info.plist";
				LD_RUNPATH_SEARCH_PATHS = (
					"$(inherited)",
					"@executable_path/../Frameworks",
				);
				MACOSX_DEPLOYMENT_TARGET = 10.15;
				PRODUCT_BUNDLE_IDENTIFIER = com.shaabs.hosty.app;
				PRODUCT_NAME = "$(TARGET_NAME)";
				SWIFT_VERSION = 5.0;
			};
			name = Release;
		};
		E2B98260248574B700369699 /* Debug */ = {
			isa = XCBuildConfiguration;
			buildSettings = {
				CODE_SIGN_IDENTITY = "-";
				CODE_SIGN_STYLE = Automatic;
				CURRENT_PROJECT_VERSION = 1;
				DEVELOPMENT_TEAM = 3RR5U8KW7C;
				INFOPLIST_FILE = "$(SRCROOT)/hostyhelper/info.plist";
				MACOSX_DEPLOYMENT_TARGET = 10.15;
				MARKETING_VERSION = 1.0.0;
				PRODUCT_BUNDLE_IDENTIFIER = com.shaabs.hosty.helper;
				PRODUCT_NAME = "$(TARGET_NAME)";
				SWIFT_VERSION = 5.0;
			};
			name = Debug;
		};
		E2B98261248574B700369699 /* Release */ = {
			isa = XCBuildConfiguration;
			buildSettings = {
				CODE_SIGN_IDENTITY = "-";
				CODE_SIGN_STYLE = Automatic;
				CURRENT_PROJECT_VERSION = 1;
				DEVELOPMENT_TEAM = 3RR5U8KW7C;
				INFOPLIST_FILE = "$(SRCROOT)/hostyhelper/info.plist";
				MACOSX_DEPLOYMENT_TARGET = 10.15;
				MARKETING_VERSION = 1.0.0;
				PRODUCT_BUNDLE_IDENTIFIER = com.shaabs.hosty.helper;
				PRODUCT_NAME = "$(TARGET_NAME)";
				SWIFT_VERSION = 5.0;
			};
			name = Release;
		};
/* End XCBuildConfiguration section */

/* Begin XCConfigurationList section */
		A70B622B237AF87000A2BA73 /* Build configuration list for PBXProject "Hosty" */ = {
			isa = XCConfigurationList;
			buildConfigurations = (
				A70B6241237AF87700A2BA73 /* Debug */,
				A70B6242237AF87700A2BA73 /* Release */,
			);
			defaultConfigurationIsVisible = 0;
			defaultConfigurationName = Release;
		};
		A70B6243237AF87700A2BA73 /* Build configuration list for PBXNativeTarget "Hosty" */ = {
			isa = XCConfigurationList;
			buildConfigurations = (
				A70B6244237AF87700A2BA73 /* Debug */,
				A70B6245237AF87700A2BA73 /* Release */,
			);
			defaultConfigurationIsVisible = 0;
			defaultConfigurationName = Release;
		};
		E2B9825F248574B700369699 /* Build configuration list for PBXNativeTarget "hostyhelper" */ = {
			isa = XCConfigurationList;
			buildConfigurations = (
				E2B98260248574B700369699 /* Debug */,
				E2B98261248574B700369699 /* Release */,
			);
			defaultConfigurationIsVisible = 0;
			defaultConfigurationName = Release;
		};
/* End XCConfigurationList section */
	};
	rootObject = A70B6228237AF87000A2BA73 /* Project object */;
}
